{
	"name": "aedesbrokers",
	"version": "1.0.0",
	"lockfileVersion": 2,
	"requires": true,
	"packages": {
		"": {
			"name": "aedesbrokers",
			"version": "1.0.0",
			"license": "MIT",
			"dependencies": {
				"aedes": "^0.35.3",
				"aedes-persistence-redis": "^6.0.0",
				"mqemitter-redis": "^3.0.0",
				"websocket-stream": "^5.1.2"
			}
		},
		"node_modules/aedes": {
			"version": "0.35.3",
			"resolved": "https://registry.npmjs.org/aedes/-/aedes-0.35.3.tgz",
			"integrity": "sha512-ptjSA9KtAFMgnW5yB1+/zYVtcsyPXq5HLg6GD23M1w/tTKZCUB7YbbbZUgQP34EjpJ0D96NgPyp1BXhgdOpzPA==",
			"dependencies": {
				"aedes-packet": "^1.0.0",
				"aedes-persistence": "^5.1.1",
				"bulk-write-stream": "^1.1.4",
				"end-of-stream": "^1.4.1",
				"fastfall": "^1.0.0",
				"fastparallel": "^2.0.0",
				"fastseries": "^1.5.0",
				"from2": "^2.1.0",
				"mqemitter": "^2.2.0",
				"mqtt-packet": "^5.6.0",
				"pump": "^3.0.0",
				"retimer": "^1.1.0",
				"reusify": "^1.0.4",
				"safe-buffer": "^5.1.2",
				"shortid": "^2.2.12",
				"through2": "^2.0.0",
				"uuid": "^3.3.2",
				"xtend": "^4.0.1"
			}
		},
		"node_modules/aedes-cached-persistence": {
			"version": "6.0.0",
			"resolved": "https://registry.npmjs.org/aedes-cached-persistence/-/aedes-cached-persistence-6.0.0.tgz",
			"integrity": "sha512-cAorxr+vf3a48FqCZ0NE4jj93Lris39TguuLOGa8KoPOUt5MYcD90vW+bqYWtTITn3A51R2FrRn68QVuEl0shQ==",
			"dependencies": {
				"aedes-packet": "^1.0.0",
				"aedes-persistence": "^5.1.1",
				"fastparallel": "^2.3.0",
				"multistream": "^2.1.0",
				"qlobber": "^1.8.0"
			}
		},
		"node_modules/aedes-packet": {
			"version": "1.0.0",
			"resolved": "https://registry.npmjs.org/aedes-packet/-/aedes-packet-1.0.0.tgz",
			"integrity": "sha1-LupG+XySWwofTQP08f5e+IexAPE="
		},
		"node_modules/aedes-persistence": {
			"version": "5.1.1",
			"resolved": "https://registry.npmjs.org/aedes-persistence/-/aedes-persistence-5.1.1.tgz",
			"integrity": "sha512-LqEW+SKKpcVlHmsSVyWRESITq2ty1josLersto0g2LX2u15UCD0AC6okfktH27xipEXLV6EpJjw1bP0m4FC73g==",
			"dependencies": {
				"aedes-packet": "^1.0.0",
				"from2": "^2.1.0",
				"qlobber": "^1.8.0",
				"safe-buffer": "^5.0.1"
			}
		},
		"node_modules/aedes-persistence-redis": {
			"version": "6.0.0",
			"resolved": "https://registry.npmjs.org/aedes-persistence-redis/-/aedes-persistence-redis-6.0.0.tgz",
			"integrity": "sha512-uK5yEuGEhrVbOse+UEomfCK2hxbXuCCfpO9bvsZJK/8bFam8T9YC6FLH5LdGB3bnsUWUtr7Og7ObMmAKW2u7dw==",
			"dependencies": {
				"aedes-cached-persistence": "^6.0.0",
				"from2": "^2.3.0",
				"hashlru": "^2.2.1",
				"ioredis": "^3.2.2",
				"msgpack-lite": "^0.1.20",
				"pump": "^3.0.0",
				"qlobber": "^1.8.0",
				"through2": "^2.0.0",
				"throughv": "^1.0.3"
			}
		},
		"node_modules/async-limiter": {
			"version": "1.0.0",
			"resolved": "https://registry.npmjs.org/async-limiter/-/async-limiter-1.0.0.tgz",
			"integrity": "sha512-jp/uFnooOiO+L211eZOoSyzpOITMXx1rBITauYykG3BRYPu8h0UcxsPNB04RR5vo4Tyz3+ay17tR6JVf9qzYWg=="
		},
		"node_modules/bl": {
			"version": "1.2.3",
			"resolved": "https://registry.npmjs.org/bl/-/bl-1.2.3.tgz",
			"integrity": "sha512-pvcNpa0UU69UT341rO6AYy4FVAIkUHuZXRIWbq+zHnsVcRzDDjIAhGuuYoi0d//cwIwtt4pkpKycWEfjdV+vww==",
			"dependencies": {
				"readable-stream": "^2.3.5",
				"safe-buffer": "^5.1.1"
			}
		},
		"node_modules/bluebird": {
			"version": "3.5.2",
			"resolved": "https://registry.npmjs.org/bluebird/-/bluebird-3.5.2.tgz",
			"integrity": "sha512-dhHTWMI7kMx5whMQntl7Vr9C6BvV10lFXDAasnqnrMYhXVCzzk6IO9Fo2L75jXHT07WrOngL1WDXOp+yYS91Yg=="
		},
		"node_modules/buffer-from": {
			"version": "1.1.1",
			"resolved": "https://registry.npmjs.org/buffer-from/-/buffer-from-1.1.1.tgz",
			"integrity": "sha512-MQcXEUbCKtEo7bhqEs6560Hyd4XaovZlO/k9V3hjVUF/zwW7KBVdSK4gIt/bzwS9MbR5qob+F5jusZsb0YQK2A=="
		},
		"node_modules/bulk-write-stream": {
			"version": "1.1.4",
			"resolved": "https://registry.npmjs.org/bulk-write-stream/-/bulk-write-stream-1.1.4.tgz",
			"integrity": "sha512-GtKwd/4etuk1hNeprXoESBO1RSeRYJMXKf+O0qHmWdUomLT8ysNEfX/4bZFXr3BK6eukpHiEnhY2uMtEHDM2ng==",
			"dependencies": {
				"buffer-from": "^1.0.0",
				"inherits": "^2.0.1",
				"readable-stream": "^2.1.4"
			}
		},
		"node_modules/cluster-key-slot": {
			"version": "1.0.12",
			"resolved": "https://registry.npmjs.org/cluster-key-slot/-/cluster-key-slot-1.0.12.tgz",
			"integrity": "sha512-21O0kGmvED5OJ7ZTdqQ5lQQ+sjuez33R+d35jZKLwqUb5mqcPHUsxOSzj61+LHVtxGZd1kShbQM3MjB/gBJkVg==",
			"engines": {
				"node": ">=0.10.0"
			}
		},
		"node_modules/core-util-is": {
			"version": "1.0.2",
			"resolved": "https://registry.npmjs.org/core-util-is/-/core-util-is-1.0.2.tgz",
			"integrity": "sha1-tf1UIgqivFq1eqtxQMlAdUUDwac="
		},
		"node_modules/debug": {
			"version": "2.6.9",
			"resolved": "https://registry.npmjs.org/debug/-/debug-2.6.9.tgz",
			"integrity": "sha512-bC7ElrdJaJnPbAP+1EotYvqZsb3ecl5wi6Bfi6BJTUcNowp6cvspg0jXznRTKDjm/E7AdgFBVeAPVMNcKGsHMA==",
			"dependencies": {
				"ms": "2.0.0"
			}
		},
		"node_modules/denque": {
			"version": "1.3.0",
			"resolved": "https://registry.npmjs.org/denque/-/denque-1.3.0.tgz",
			"integrity": "sha512-4SRaSj+PqmrS1soW5/Avd7eJIM2JJIqLLmwhRqIGleZM/8KwZq80njbSS2Iqas+6oARkSkLDHEk4mm78q3JlIg==",
			"engines": {
				"node": ">=0.10"
			}
		},
		"node_modules/duplexify": {
			"version": "3.6.0",
			"resolved": "https://registry.npmjs.org/duplexify/-/duplexify-3.6.0.tgz",
			"integrity": "sha512-fO3Di4tBKJpYTFHAxTU00BcfWMY9w24r/x21a6rZRbsD/ToUgGxsMbiGRmB7uVAXeGKXD9MwiLZa5E97EVgIRQ==",
			"dependencies": {
				"end-of-stream": "^1.0.0",
				"inherits": "^2.0.1",
				"readable-stream": "^2.0.0",
				"stream-shift": "^1.0.0"
			}
		},
		"node_modules/end-of-stream": {
			"version": "1.4.1",
			"resolved": "https://registry.npmjs.org/end-of-stream/-/end-of-stream-1.4.1.tgz",
			"integrity": "sha512-1MkrZNvWTKCaigbn+W15elq2BB/L22nqrSY5DKlo3X6+vclJm8Bb5djXJBmEX6fS3+zCh/F4VBK5Z2KxJt4s2Q==",
			"dependencies": {
				"once": "^1.4.0"
			}
		},
		"node_modules/event-lite": {
			"version": "0.1.1",
			"resolved": "https://registry.npmjs.org/event-lite/-/event-lite-0.1.1.tgz",
			"integrity": "sha1-R88IqNN9C2lM23s7F7UfqsZXYIY="
		},
		"node_modules/fastfall": {
			"version": "1.5.1",
			"resolved": "https://registry.npmjs.org/fastfall/-/fastfall-1.5.1.tgz",
			"integrity": "sha1-P+4DMxpJ0dObPN96XpzWb0dee5Q=",
			"dependencies": {
				"reusify": "^1.0.0"
			},
			"engines": {
				"node": ">=0.10.0"
			}
		},
		"node_modules/fastparallel": {
			"version": "2.3.0",
			"resolved": "https://registry.npmjs.org/fastparallel/-/fastparallel-2.3.0.tgz",
			"integrity": "sha1-HnCb+2oDmT84V+POfwExHOdgJhM=",
			"dependencies": {
				"reusify": "^1.0.0",
				"xtend": "^4.0.1"
			}
		},
		"node_modules/fastseries": {
			"version": "1.7.2",
			"resolved": "https://registry.npmjs.org/fastseries/-/fastseries-1.7.2.tgz",
			"integrity": "sha1-0izhO5Qz3/M4jZHb1ri9qbIaD0s=",
			"dependencies": {
				"reusify": "^1.0.0",
				"xtend": "^4.0.0"
			}
		},
		"node_modules/flexbuffer": {
			"version": "0.0.6",
			"resolved": "https://registry.npmjs.org/flexbuffer/-/flexbuffer-0.0.6.tgz",
			"integrity": "sha1-A5/fI/iCPkQMOPMnfm/vEXQhWzA=",
			"engines": {
				"node": "*"
			}
		},
		"node_modules/from2": {
			"version": "2.3.0",
			"resolved": "https://registry.npmjs.org/from2/-/from2-2.3.0.tgz",
			"integrity": "sha1-i/tVAr3kpNNs/e6gB/zKIdfjgq8=",
			"dependencies": {
				"inherits": "^2.0.1",
				"readable-stream": "^2.0.0"
			}
		},
		"node_modules/hashlru": {
			"version": "2.2.1",
			"resolved": "https://registry.npmjs.org/hashlru/-/hashlru-2.2.1.tgz",
			"integrity": "sha1-EPIJmg18BaQPK+r1wdOc8vfavzY="
		},
		"node_modules/hyperid": {
			"version": "1.4.1",
			"resolved": "https://registry.npmjs.org/hyperid/-/hyperid-1.4.1.tgz",
			"integrity": "sha512-rtuRoJyEPZZEGN25T1PC2/IYxdApJEYbBB+8e7vZMFnfhZV7HobkpUr7z1gZvcxqleg4OVg0YrMEtfmIoV85gQ==",
			"dependencies": {
				"uuid": "^3.2.1",
				"uuid-parse": "^1.0.0"
			}
		},
		"node_modules/ieee754": {
			"version": "1.1.12",
			"resolved": "https://registry.npmjs.org/ieee754/-/ieee754-1.1.12.tgz",
			"integrity": "sha512-GguP+DRY+pJ3soyIiGPTvdiVXjZ+DbXOxGpXn3eMvNW4x4irjqXm4wHKscC+TfxSJ0yw/S1F24tqdMNsMZTiLA=="
		},
		"node_modules/inherits": {
			"version": "2.0.3",
			"resolved": "https://registry.npmjs.org/inherits/-/inherits-2.0.3.tgz",
			"integrity": "sha1-Yzwsg+PaQqUC9SRmAiSA9CCCYd4="
		},
		"node_modules/int64-buffer": {
			"version": "0.1.10",
			"resolved": "https://registry.npmjs.org/int64-buffer/-/int64-buffer-0.1.10.tgz",
			"integrity": "sha1-J3siiofZWtd30HwTgyAiQGpHNCM="
		},
		"node_modules/ioredis": {
			"version": "3.2.2",
			"resolved": "https://registry.npmjs.org/ioredis/-/ioredis-3.2.2.tgz",
			"integrity": "sha512-g+ShTQYLsCcOUkNOK6CCEZbj3aRDVPw3WOwXk+LxlUKvuS9ujEqP2MppBHyRVYrNNFW/vcPaTBUZ2ctGNSiOCA==",
			"dependencies": {
				"bluebird": "^3.3.4",
				"cluster-key-slot": "^1.0.6",
				"debug": "^2.6.9",
				"denque": "^1.1.0",
				"flexbuffer": "0.0.6",
				"lodash.assign": "^4.2.0",
				"lodash.bind": "^4.2.1",
				"lodash.clone": "^4.5.0",
				"lodash.clonedeep": "^4.5.0",
				"lodash.defaults": "^4.2.0",
				"lodash.difference": "^4.5.0",
				"lodash.flatten": "^4.4.0",
				"lodash.foreach": "^4.5.0",
				"lodash.isempty": "^4.4.0",
				"lodash.keys": "^4.2.0",
				"lodash.noop": "^3.0.1",
				"lodash.partial": "^4.2.1",
				"lodash.pick": "^4.4.0",
				"lodash.sample": "^4.2.1",
				"lodash.shuffle": "^4.2.0",
				"lodash.values": "^4.3.0",
				"redis-commands": "^1.2.0",
				"redis-parser": "^2.4.0"
			},
			"engines": {
				"iojs": ">= 1.0.0",
				"node": ">= 0.10.16"
			}
		},
		"node_modules/isarray": {
			"version": "1.0.0",
			"resolved": "https://registry.npmjs.org/isarray/-/isarray-1.0.0.tgz",
			"integrity": "sha1-u5NdSFgsuhaMBoNJV6VKPgcSTxE="
		},
		"node_modules/lodash.assign": {
			"version": "4.2.0",
			"resolved": "https://registry.npmjs.org/lodash.assign/-/lodash.assign-4.2.0.tgz",
			"integrity": "sha1-DZnzzNem0mHRm9rrkkUAXShYCOc="
		},
		"node_modules/lodash.bind": {
			"version": "4.2.1",
			"resolved": "https://registry.npmjs.org/lodash.bind/-/lodash.bind-4.2.1.tgz",
			"integrity": "sha1-euMBfpOWIqwxt9fX3LGzTbFpDTU="
		},
		"node_modules/lodash.clone": {
			"version": "4.5.0",
			"resolved": "https://registry.npmjs.org/lodash.clone/-/lodash.clone-4.5.0.tgz",
			"integrity": "sha1-GVhwRQ9aExkkeN9Lw9I9LeoZB7Y="
		},
		"node_modules/lodash.clonedeep": {
			"version": "4.5.0",
			"resolved": "https://registry.npmjs.org/lodash.clonedeep/-/lodash.clonedeep-4.5.0.tgz",
			"integrity": "sha1-4j8/nE+Pvd6HJSnBBxhXoIblzO8="
		},
		"node_modules/lodash.defaults": {
			"version": "4.2.0",
			"resolved": "https://registry.npmjs.org/lodash.defaults/-/lodash.defaults-4.2.0.tgz",
			"integrity": "sha1-0JF4cW/+pN3p5ft7N/bwgCJ0WAw="
		},
		"node_modules/lodash.difference": {
			"version": "4.5.0",
			"resolved": "https://registry.npmjs.org/lodash.difference/-/lodash.difference-4.5.0.tgz",
			"integrity": "sha1-nMtOUF1Ia5FlE0V3KIWi3yf9AXw="
		},
		"node_modules/lodash.flatten": {
			"version": "4.4.0",
			"resolved": "https://registry.npmjs.org/lodash.flatten/-/lodash.flatten-4.4.0.tgz",
			"integrity": "sha1-8xwiIlqWMtK7+OSt2+8kCqdlph8="
		},
		"node_modules/lodash.foreach": {
			"version": "4.5.0",
			"resolved": "https://registry.npmjs.org/lodash.foreach/-/lodash.foreach-4.5.0.tgz",
			"integrity": "sha1-Gmo16s5AEoDH8G3d7DUWWrJ+PlM="
		},
		"node_modules/lodash.isempty": {
			"version": "4.4.0",
			"resolved": "https://registry.npmjs.org/lodash.isempty/-/lodash.isempty-4.4.0.tgz",
			"integrity": "sha1-b4bL7di+TsmHvpqvM8loTbGzHn4="
		},
		"node_modules/lodash.keys": {
			"version": "4.2.0",
			"resolved": "https://registry.npmjs.org/lodash.keys/-/lodash.keys-4.2.0.tgz",
			"integrity": "sha1-oIYCrBLk+4P5H8H7ejYKTZujUgU="
		},
		"node_modules/lodash.noop": {
			"version": "3.0.1",
			"resolved": "https://registry.npmjs.org/lodash.noop/-/lodash.noop-3.0.1.tgz",
			"integrity": "sha1-OBiPTWUKOkdCWEObluxFsyYXEzw="
		},
		"node_modules/lodash.partial": {
			"version": "4.2.1",
			"resolved": "https://registry.npmjs.org/lodash.partial/-/lodash.partial-4.2.1.tgz",
			"integrity": "sha1-SfPYz9qjv/izqR0SfpIyRUGJYdQ="
		},
		"node_modules/lodash.pick": {
			"version": "4.4.0",
			"resolved": "https://registry.npmjs.org/lodash.pick/-/lodash.pick-4.4.0.tgz",
			"integrity": "sha1-UvBWEP/53tQiYRRB7R/BI6AwAbM="
		},
		"node_modules/lodash.sample": {
			"version": "4.2.1",
			"resolved": "https://registry.npmjs.org/lodash.sample/-/lodash.sample-4.2.1.tgz",
			"integrity": "sha1-XkKRsMdT+hq+sKq4+ynfG2bwf20="
		},
		"node_modules/lodash.shuffle": {
			"version": "4.2.0",
			"resolved": "https://registry.npmjs.org/lodash.shuffle/-/lodash.shuffle-4.2.0.tgz",
			"integrity": "sha1-FFtQU8+HX29cKjP0i26ZSMbse0s="
		},
		"node_modules/lodash.values": {
			"version": "4.3.0",
			"resolved": "https://registry.npmjs.org/lodash.values/-/lodash.values-4.3.0.tgz",
			"integrity": "sha1-o6bCsOvsxcLLocF+bmIP6BtT00c="
		},
		"node_modules/lru-cache": {
			"version": "4.1.3",
			"resolved": "https://registry.npmjs.org/lru-cache/-/lru-cache-4.1.3.tgz",
			"integrity": "sha512-fFEhvcgzuIoJVUF8fYr5KR0YqxD238zgObTps31YdADwPPAp82a4M8TrckkWyx7ekNlf9aBcVn81cFwwXngrJA==",
			"dependencies": {
				"pseudomap": "^1.0.2",
				"yallist": "^2.1.2"
			}
		},
		"node_modules/mqemitter": {
			"version": "2.2.0",
			"resolved": "https://registry.npmjs.org/mqemitter/-/mqemitter-2.2.0.tgz",
			"integrity": "sha512-vyglbOjB8wWsL6qmu2ePFp3yOoK/aOSOQeIgvmrlPxfuqiZU/AcIkI0xGJun0sEOTCqa2LFyR6T+YX/2qFz+WA==",
			"dependencies": {
				"fastparallel": "^2.0.0",
				"qlobber": "^1.8.0"
			}
		},
		"node_modules/mqemitter-redis": {
			"version": "3.0.0",
			"resolved": "https://registry.npmjs.org/mqemitter-redis/-/mqemitter-redis-3.0.0.tgz",
			"integrity": "sha512-Lk2kjJ8zCqnqH+0MDB2PdFLc88WOqrQ1peAJ+9YiJJqiqwzrEJU0QMJq1h9VRSZd6wqmovB8XyUPy+vD4cS/Zg==",
			"dependencies": {
				"hyperid": "^1.4.1",
				"inherits": "^2.0.1",
				"ioredis": "^3.2.2",
				"lru-cache": "^4.1.3",
				"mqemitter": "^2.2.0",
				"msgpack-lite": "^0.1.14"
			}
		},
		"node_modules/mqtt-packet": {
			"version": "5.6.0",
			"resolved": "https://registry.npmjs.org/mqtt-packet/-/mqtt-packet-5.6.0.tgz",
			"integrity": "sha512-QECe2ivqcR1LRsPobRsjenEKAC3i1a5gmm+jNKJLrsiq9PaSQ18LlKFuxvhGxWkvGEPadWv6rKd31O4ICqS1Xw==",
			"dependencies": {
				"bl": "^1.2.1",
				"inherits": "^2.0.3",
				"process-nextick-args": "^2.0.0",
				"safe-buffer": "^5.1.0"
			}
		},
		"node_modules/ms": {
			"version": "2.0.0",
			"resolved": "https://registry.npmjs.org/ms/-/ms-2.0.0.tgz",
			"integrity": "sha1-VgiurfwAvmwpAd9fmGF4jeDVl8g="
		},
		"node_modules/msgpack-lite": {
			"version": "0.1.26",
			"resolved": "https://registry.npmjs.org/msgpack-lite/-/msgpack-lite-0.1.26.tgz",
			"integrity": "sha1-3TxQsm8FnyXn7e42REGDWOKprYk=",
			"dependencies": {
				"event-lite": "^0.1.1",
				"ieee754": "^1.1.8",
				"int64-buffer": "^0.1.9",
				"isarray": "^1.0.0"
			},
			"bin": {
				"msgpack": "bin/msgpack"
			}
		},
		"node_modules/multistream": {
			"version": "2.1.1",
			"resolved": "https://registry.npmjs.org/multistream/-/multistream-2.1.1.tgz",
			"integrity": "sha512-xasv76hl6nr1dEy3lPvy7Ej7K/Lx3O/FCvwge8PeVJpciPPoNCbaANcNiBug3IpdvTveZUcAV0DJzdnUDMesNQ==",
			"dependencies": {
				"inherits": "^2.0.1",
				"readable-stream": "^2.0.5"
			}
		},
		"node_modules/nanoid": {
			"version": "1.2.3",
			"resolved": "https://registry.npmjs.org/nanoid/-/nanoid-1.2.3.tgz",
			"integrity": "sha512-BAnxAdaihzMoszwhqRy8FPOX+dijs7esUEUYTIQ1KsOSKmCVNYnitAMmBDFxYzA6VQYvuUKw7o2K1AcMBTGzIg=="
		},
		"node_modules/once": {
			"version": "1.4.0",
			"resolved": "https://registry.npmjs.org/once/-/once-1.4.0.tgz",
			"integrity": "sha1-WDsap3WWHUsROsF9nFC6753Xa9E=",
			"dependencies": {
				"wrappy": "1"
			}
		},
		"node_modules/process-nextick-args": {
			"version": "2.0.0",
			"resolved": "https://registry.npmjs.org/process-nextick-args/-/process-nextick-args-2.0.0.tgz",
			"integrity": "sha512-MtEC1TqN0EU5nephaJ4rAtThHtC86dNN9qCuEhtshvpVBkAW5ZO7BASN9REnF9eoXGcRub+pFuKEpOHE+HbEMw=="
		},
		"node_modules/pseudomap": {
			"version": "1.0.2",
			"resolved": "https://registry.npmjs.org/pseudomap/-/pseudomap-1.0.2.tgz",
			"integrity": "sha1-8FKijacOYYkX7wqKw0wa5aaChrM="
		},
		"node_modules/pump": {
			"version": "3.0.0",
			"resolved": "https://registry.npmjs.org/pump/-/pump-3.0.0.tgz",
			"integrity": "sha512-LwZy+p3SFs1Pytd/jYct4wpv49HiYCqd9Rlc5ZVdk0V+8Yzv6jR5Blk3TRmPL1ft69TxP0IMZGJ+WPFU2BFhww==",
			"dependencies": {
				"end-of-stream": "^1.1.0",
				"once": "^1.3.1"
			}
		},
		"node_modules/qlobber": {
			"version": "1.8.0",
			"resolved": "https://registry.npmjs.org/qlobber/-/qlobber-1.8.0.tgz",
			"integrity": "sha512-JTgaiU9R5AGGrnx3GD7CAwmS+K7w154Ns/I+9Yd9xDICzRDsDzFuhcMBglepHZGmIEk1F+j2aZnh8+txCuGgug==",
			"engines": {
				"node": ">= 0.12"
			}
		},
		"node_modules/readable-stream": {
			"version": "2.3.6",
			"resolved": "http://registry.npmjs.org/readable-stream/-/readable-stream-2.3.6.tgz",
			"integrity": "sha512-tQtKA9WIAhBF3+VLAseyMqZeBjW0AHJoxOtYqSUZNJxauErmLbVm2FW1y+J/YA9dUrAC39ITejlZWhVIwawkKw==",
			"dependencies": {
				"core-util-is": "~1.0.0",
				"inherits": "~2.0.3",
				"isarray": "~1.0.0",
				"process-nextick-args": "~2.0.0",
				"safe-buffer": "~5.1.1",
				"string_decoder": "~1.1.1",
				"util-deprecate": "~1.0.1"
			}
		},
		"node_modules/redis-commands": {
			"version": "1.3.5",
			"resolved": "https://registry.npmjs.org/redis-commands/-/redis-commands-1.3.5.tgz",
			"integrity": "sha512-foGF8u6MXGFF++1TZVC6icGXuMYPftKXt1FBT2vrfU9ZATNtZJ8duRC5d1lEfE8hyVe3jhelHGB91oB7I6qLsA=="
		},
		"node_modules/redis-parser": {
			"version": "2.6.0",
			"resolved": "https://registry.npmjs.org/redis-parser/-/redis-parser-2.6.0.tgz",
			"integrity": "sha1-Uu0J2srBCPGmMcB+m2mUHnoZUEs=",
			"engines": {
				"node": ">=0.10.0"
			}
		},
		"node_modules/retimer": {
			"version": "1.1.0",
			"resolved": "https://registry.npmjs.org/retimer/-/retimer-1.1.0.tgz",
			"integrity": "sha512-+Tjoa47XqpO+cmNObvmK6UPFmUTzQPtr4MqMS7ZJKPKYAnryCxG2FXT8/SEgPsEghQQgXFPZEdILNxJkvXtjUw=="
		},
		"node_modules/reusify": {
			"version": "1.0.4",
			"resolved": "https://registry.npmjs.org/reusify/-/reusify-1.0.4.tgz",
			"integrity": "sha512-U9nH88a3fc/ekCF1l0/UP1IosiuIjyTh7hBvXVMHYgVcfGvt897Xguj2UOLDeI5BG2m7/uwyaLVT6fbtCwTyzw==",
			"engines": {
				"iojs": ">=1.0.0",
				"node": ">=0.10.0"
			}
		},
		"node_modules/safe-buffer": {
			"version": "5.1.2",
			"resolved": "https://registry.npmjs.org/safe-buffer/-/safe-buffer-5.1.2.tgz",
			"integrity": "sha512-Gd2UZBJDkXlY7GbJxfsE8/nvKkUEU1G38c1siN6QP6a9PT9MmHB8GnpscSmMJSoF8LOIrt8ud/wPtojys4G6+g=="
		},
		"node_modules/shortid": {
			"version": "2.2.13",
			"resolved": "https://registry.npmjs.org/shortid/-/shortid-2.2.13.tgz",
			"integrity": "sha512-dBuNnQGKrJNfjunmXI2X7bl1gnMO4PwbNxrTzO1JvilODmL7WyyCtA+DYxe9XunLXmxmgzFIvKPQ6XRAQrr46Q==",
			"dependencies": {
				"nanoid": "^1.0.7"
			}
		},
		"node_modules/stream-shift": {
			"version": "1.0.0",
			"resolved": "https://registry.npmjs.org/stream-shift/-/stream-shift-1.0.0.tgz",
			"integrity": "sha1-1cdSgl5TZ+eG944Y5EXqIjoVWVI="
		},
		"node_modules/string_decoder": {
			"version": "1.1.1",
			"resolved": "https://registry.npmjs.org/string_decoder/-/string_decoder-1.1.1.tgz",
			"integrity": "sha512-n/ShnvDi6FHbbVfviro+WojiFzv+s8MPMHBczVePfUpDJLwoLT0ht1l4YwBCbi8pJAveEEdnkHyPyTP/mzRfwg==",
			"dependencies": {
				"safe-buffer": "~5.1.0"
			}
		},
		"node_modules/through2": {
			"version": "2.0.3",
			"resolved": "https://registry.npmjs.org/through2/-/through2-2.0.3.tgz",
			"integrity": "sha1-AARWmzfHx0ujnEPzzteNGtlBQL4=",
			"dependencies": {
				"readable-stream": "^2.1.5",
				"xtend": "~4.0.1"
			}
		},
		"node_modules/throughv": {
			"version": "1.0.3",
			"resolved": "https://registry.npmjs.org/throughv/-/throughv-1.0.3.tgz",
			"integrity": "sha1-XwyHGdqxi9gP4wAqejpslUPORrU=",
			"dependencies": {
				"fastparallel": "^2.2.1",
				"inherits": "~2.0.1",
				"readable-stream": "^2.0.4"
			}
		},
		"node_modules/ultron": {
			"version": "1.1.1",
			"resolved": "https://registry.npmjs.org/ultron/-/ultron-1.1.1.tgz",
			"integrity": "sha512-UIEXBNeYmKptWH6z8ZnqTeS8fV74zG0/eRU9VGkpzz+LIJNs8W/zM/L+7ctCkRrgbNnnR0xxw4bKOr0cW0N0Og=="
		},
		"node_modules/util-deprecate": {
			"version": "1.0.2",
			"resolved": "https://registry.npmjs.org/util-deprecate/-/util-deprecate-1.0.2.tgz",
			"integrity": "sha1-RQ1Nyfpw3nMnYvvS1KKJgUGaDM8="
		},
		"node_modules/uuid": {
			"version": "3.3.2",
			"resolved": "https://registry.npmjs.org/uuid/-/uuid-3.3.2.tgz",
			"integrity": "sha512-yXJmeNaw3DnnKAOKJE51sL/ZaYfWJRl1pK9dr19YFCu0ObS231AB1/LbqTKRAQ5kw8A90rA6fr4riOUpTZvQZA==",
			"deprecated": "Please upgrade  to version 7 or higher.  Older versions may use Math.random() in certain circumstances, which is known to be problematic.  See https://v8.dev/blog/math-random for details.",
			"bin": {
				"uuid": "bin/uuid"
			}
		},
		"node_modules/uuid-parse": {
			"version": "1.0.0",
			"resolved": "https://registry.npmjs.org/uuid-parse/-/uuid-parse-1.0.0.tgz",
			"integrity": "sha1-9GV3F2JLDkuIrzb5jYlYmlu+5Wk="
		},
		"node_modules/websocket-stream": {
			"version": "5.1.2",
			"resolved": "https://registry.npmjs.org/websocket-stream/-/websocket-stream-5.1.2.tgz",
			"integrity": "sha512-lchLOk435iDWs0jNuL+hiU14i3ERSrMA0IKSiJh7z6X/i4XNsutBZrtqu2CPOZuA4G/zabiqVAos0vW+S7GEVw==",
			"dependencies": {
				"duplexify": "^3.5.1",
				"inherits": "^2.0.1",
				"readable-stream": "^2.3.3",
				"safe-buffer": "^5.1.1",
				"ws": "^3.2.0",
				"xtend": "^4.0.0"
			}
		},
		"node_modules/wrappy": {
			"version": "1.0.2",
			"resolved": "https://registry.npmjs.org/wrappy/-/wrappy-1.0.2.tgz",
			"integrity": "sha1-tSQ9jz7BqjXxNkYFvA0QNuMKtp8="
		},
		"node_modules/ws": {
			"version": "3.3.3",
			"resolved": "https://registry.npmjs.org/ws/-/ws-3.3.3.tgz",
			"integrity": "sha512-nnWLa/NwZSt4KQJu51MYlCcSQ5g7INpOrOMt4XV8j4dqTXdmlUmSHQ8/oLC069ckre0fRsgfvsKwbTdtKLCDkA==",
			"dependencies": {
				"async-limiter": "~1.0.0",
				"safe-buffer": "~5.1.0",
				"ultron": "~1.1.0"
			}
		},
		"node_modules/xtend": {
			"version": "4.0.1",
			"resolved": "https://registry.npmjs.org/xtend/-/xtend-4.0.1.tgz",
			"integrity": "sha1-pcbVMr5lbiPbgg77lDofBJmNY68=",
			"engines": {
				"node": ">=0.4"
			}
		},
		"node_modules/yallist": {
			"version": "2.1.2",
			"resolved": "https://registry.npmjs.org/yallist/-/yallist-2.1.2.tgz",
			"integrity": "sha1-HBH5IY8HYImkfdUS+TxmmaaoHVI="
		}
	},
	"dependencies": {
		"aedes": {
			"version": "0.35.3",
			"resolved": "https://registry.npmjs.org/aedes/-/aedes-0.35.3.tgz",
			"integrity": "sha512-ptjSA9KtAFMgnW5yB1+/zYVtcsyPXq5HLg6GD23M1w/tTKZCUB7YbbbZUgQP34EjpJ0D96NgPyp1BXhgdOpzPA==",
			"requires": {
				"aedes-packet": "^1.0.0",
				"aedes-persistence": "^5.1.1",
				"bulk-write-stream": "^1.1.4",
				"end-of-stream": "^1.4.1",
				"fastfall": "^1.0.0",
				"fastparallel": "^2.0.0",
				"fastseries": "^1.5.0",
				"from2": "^2.1.0",
				"mqemitter": "^2.2.0",
				"mqtt-packet": "^5.6.0",
				"pump": "^3.0.0",
				"retimer": "^1.1.0",
				"reusify": "^1.0.4",
				"safe-buffer": "^5.1.2",
				"shortid": "^2.2.12",
				"through2": "^2.0.0",
				"uuid": "^3.3.2",
				"xtend": "^4.0.1"
			}
		},
		"aedes-cached-persistence": {
			"version": "6.0.0",
			"resolved": "https://registry.npmjs.org/aedes-cached-persistence/-/aedes-cached-persistence-6.0.0.tgz",
			"integrity": "sha512-cAorxr+vf3a48FqCZ0NE4jj93Lris39TguuLOGa8KoPOUt5MYcD90vW+bqYWtTITn3A51R2FrRn68QVuEl0shQ==",
			"requires": {
				"aedes-packet": "^1.0.0",
				"aedes-persistence": "^5.1.1",
				"fastparallel": "^2.3.0",
				"multistream": "^2.1.0",
				"qlobber": "^1.8.0"
			}
		},
		"aedes-packet": {
			"version": "1.0.0",
			"resolved": "https://registry.npmjs.org/aedes-packet/-/aedes-packet-1.0.0.tgz",
			"integrity": "sha1-LupG+XySWwofTQP08f5e+IexAPE="
		},
		"aedes-persistence": {
			"version": "5.1.1",
			"resolved": "https://registry.npmjs.org/aedes-persistence/-/aedes-persistence-5.1.1.tgz",
			"integrity": "sha512-LqEW+SKKpcVlHmsSVyWRESITq2ty1josLersto0g2LX2u15UCD0AC6okfktH27xipEXLV6EpJjw1bP0m4FC73g==",
			"requires": {
				"aedes-packet": "^1.0.0",
				"from2": "^2.1.0",
				"qlobber": "^1.8.0",
				"safe-buffer": "^5.0.1"
			}
		},
		"aedes-persistence-redis": {
			"version": "6.0.0",
			"resolved": "https://registry.npmjs.org/aedes-persistence-redis/-/aedes-persistence-redis-6.0.0.tgz",
			"integrity": "sha512-uK5yEuGEhrVbOse+UEomfCK2hxbXuCCfpO9bvsZJK/8bFam8T9YC6FLH5LdGB3bnsUWUtr7Og7ObMmAKW2u7dw==",
			"requires": {
				"aedes-cached-persistence": "^6.0.0",
				"from2": "^2.3.0",
				"hashlru": "^2.2.1",
				"ioredis": "^3.2.2",
				"msgpack-lite": "^0.1.20",
				"pump": "^3.0.0",
				"qlobber": "^1.8.0",
				"through2": "^2.0.0",
				"throughv": "^1.0.3"
			}
		},
		"async-limiter": {
			"version": "1.0.0",
			"resolved": "https://registry.npmjs.org/async-limiter/-/async-limiter-1.0.0.tgz",
			"integrity": "sha512-jp/uFnooOiO+L211eZOoSyzpOITMXx1rBITauYykG3BRYPu8h0UcxsPNB04RR5vo4Tyz3+ay17tR6JVf9qzYWg=="
		},
		"bl": {
			"version": "1.2.3",
			"resolved": "https://registry.npmjs.org/bl/-/bl-1.2.3.tgz",
			"integrity": "sha512-pvcNpa0UU69UT341rO6AYy4FVAIkUHuZXRIWbq+zHnsVcRzDDjIAhGuuYoi0d//cwIwtt4pkpKycWEfjdV+vww==",
			"requires": {
				"readable-stream": "^2.3.5",
				"safe-buffer": "^5.1.1"
			}
		},
		"bluebird": {
			"version": "3.5.2",
			"resolved": "https://registry.npmjs.org/bluebird/-/bluebird-3.5.2.tgz",
			"integrity": "sha512-dhHTWMI7kMx5whMQntl7Vr9C6BvV10lFXDAasnqnrMYhXVCzzk6IO9Fo2L75jXHT07WrOngL1WDXOp+yYS91Yg=="
		},
		"buffer-from": {
			"version": "1.1.1",
			"resolved": "https://registry.npmjs.org/buffer-from/-/buffer-from-1.1.1.tgz",
			"integrity": "sha512-MQcXEUbCKtEo7bhqEs6560Hyd4XaovZlO/k9V3hjVUF/zwW7KBVdSK4gIt/bzwS9MbR5qob+F5jusZsb0YQK2A=="
		},
		"bulk-write-stream": {
			"version": "1.1.4",
			"resolved": "https://registry.npmjs.org/bulk-write-stream/-/bulk-write-stream-1.1.4.tgz",
			"integrity": "sha512-GtKwd/4etuk1hNeprXoESBO1RSeRYJMXKf+O0qHmWdUomLT8ysNEfX/4bZFXr3BK6eukpHiEnhY2uMtEHDM2ng==",
			"requires": {
				"buffer-from": "^1.0.0",
				"inherits": "^2.0.1",
				"readable-stream": "^2.1.4"
			}
		},
		"cluster-key-slot": {
			"version": "1.0.12",
			"resolved": "https://registry.npmjs.org/cluster-key-slot/-/cluster-key-slot-1.0.12.tgz",
			"integrity": "sha512-21O0kGmvED5OJ7ZTdqQ5lQQ+sjuez33R+d35jZKLwqUb5mqcPHUsxOSzj61+LHVtxGZd1kShbQM3MjB/gBJkVg=="
		},
		"core-util-is": {
			"version": "1.0.2",
			"resolved": "https://registry.npmjs.org/core-util-is/-/core-util-is-1.0.2.tgz",
			"integrity": "sha1-tf1UIgqivFq1eqtxQMlAdUUDwac="
		},
		"debug": {
			"version": "2.6.9",
			"resolved": "https://registry.npmjs.org/debug/-/debug-2.6.9.tgz",
			"integrity": "sha512-bC7ElrdJaJnPbAP+1EotYvqZsb3ecl5wi6Bfi6BJTUcNowp6cvspg0jXznRTKDjm/E7AdgFBVeAPVMNcKGsHMA==",
			"requires": {
				"ms": "2.0.0"
			}
		},
		"denque": {
			"version": "1.3.0",
			"resolved": "https://registry.npmjs.org/denque/-/denque-1.3.0.tgz",
			"integrity": "sha512-4SRaSj+PqmrS1soW5/Avd7eJIM2JJIqLLmwhRqIGleZM/8KwZq80njbSS2Iqas+6oARkSkLDHEk4mm78q3JlIg=="
		},
		"duplexify": {
			"version": "3.6.0",
			"resolved": "https://registry.npmjs.org/duplexify/-/duplexify-3.6.0.tgz",
			"integrity": "sha512-fO3Di4tBKJpYTFHAxTU00BcfWMY9w24r/x21a6rZRbsD/ToUgGxsMbiGRmB7uVAXeGKXD9MwiLZa5E97EVgIRQ==",
			"requires": {
				"end-of-stream": "^1.0.0",
				"inherits": "^2.0.1",
				"readable-stream": "^2.0.0",
				"stream-shift": "^1.0.0"
			}
		},
		"end-of-stream": {
			"version": "1.4.1",
			"resolved": "https://registry.npmjs.org/end-of-stream/-/end-of-stream-1.4.1.tgz",
			"integrity": "sha512-1MkrZNvWTKCaigbn+W15elq2BB/L22nqrSY5DKlo3X6+vclJm8Bb5djXJBmEX6fS3+zCh/F4VBK5Z2KxJt4s2Q==",
			"requires": {
				"once": "^1.4.0"
			}
		},
		"event-lite": {
			"version": "0.1.1",
			"resolved": "https://registry.npmjs.org/event-lite/-/event-lite-0.1.1.tgz",
			"integrity": "sha1-R88IqNN9C2lM23s7F7UfqsZXYIY="
		},
		"fastfall": {
			"version": "1.5.1",
			"resolved": "https://registry.npmjs.org/fastfall/-/fastfall-1.5.1.tgz",
			"integrity": "sha1-P+4DMxpJ0dObPN96XpzWb0dee5Q=",
			"requires": {
				"reusify": "^1.0.0"
			}
		},
		"fastparallel": {
			"version": "2.3.0",
			"resolved": "https://registry.npmjs.org/fastparallel/-/fastparallel-2.3.0.tgz",
			"integrity": "sha1-HnCb+2oDmT84V+POfwExHOdgJhM=",
			"requires": {
				"reusify": "^1.0.0",
				"xtend": "^4.0.1"
			}
		},
		"fastseries": {
			"version": "1.7.2",
			"resolved": "https://registry.npmjs.org/fastseries/-/fastseries-1.7.2.tgz",
			"integrity": "sha1-0izhO5Qz3/M4jZHb1ri9qbIaD0s=",
			"requires": {
				"reusify": "^1.0.0",
				"xtend": "^4.0.0"
			}
		},
		"flexbuffer": {
			"version": "0.0.6",
			"resolved": "https://registry.npmjs.org/flexbuffer/-/flexbuffer-0.0.6.tgz",
			"integrity": "sha1-A5/fI/iCPkQMOPMnfm/vEXQhWzA="
		},
		"from2": {
			"version": "2.3.0",
			"resolved": "https://registry.npmjs.org/from2/-/from2-2.3.0.tgz",
			"integrity": "sha1-i/tVAr3kpNNs/e6gB/zKIdfjgq8=",
			"requires": {
				"inherits": "^2.0.1",
				"readable-stream": "^2.0.0"
			}
		},
		"hashlru": {
			"version": "2.2.1",
			"resolved": "https://registry.npmjs.org/hashlru/-/hashlru-2.2.1.tgz",
			"integrity": "sha1-EPIJmg18BaQPK+r1wdOc8vfavzY="
		},
		"hyperid": {
			"version": "1.4.1",
			"resolved": "https://registry.npmjs.org/hyperid/-/hyperid-1.4.1.tgz",
			"integrity": "sha512-rtuRoJyEPZZEGN25T1PC2/IYxdApJEYbBB+8e7vZMFnfhZV7HobkpUr7z1gZvcxqleg4OVg0YrMEtfmIoV85gQ==",
			"requires": {
				"uuid": "^3.2.1",
				"uuid-parse": "^1.0.0"
			}
		},
		"ieee754": {
			"version": "1.1.12",
			"resolved": "https://registry.npmjs.org/ieee754/-/ieee754-1.1.12.tgz",
			"integrity": "sha512-GguP+DRY+pJ3soyIiGPTvdiVXjZ+DbXOxGpXn3eMvNW4x4irjqXm4wHKscC+TfxSJ0yw/S1F24tqdMNsMZTiLA=="
		},
		"inherits": {
			"version": "2.0.3",
			"resolved": "https://registry.npmjs.org/inherits/-/inherits-2.0.3.tgz",
			"integrity": "sha1-Yzwsg+PaQqUC9SRmAiSA9CCCYd4="
		},
		"int64-buffer": {
			"version": "0.1.10",
			"resolved": "https://registry.npmjs.org/int64-buffer/-/int64-buffer-0.1.10.tgz",
			"integrity": "sha1-J3siiofZWtd30HwTgyAiQGpHNCM="
		},
		"ioredis": {
			"version": "3.2.2",
			"resolved": "https://registry.npmjs.org/ioredis/-/ioredis-3.2.2.tgz",
			"integrity": "sha512-g+ShTQYLsCcOUkNOK6CCEZbj3aRDVPw3WOwXk+LxlUKvuS9ujEqP2MppBHyRVYrNNFW/vcPaTBUZ2ctGNSiOCA==",
			"requires": {
				"bluebird": "^3.3.4",
				"cluster-key-slot": "^1.0.6",
				"debug": "^2.6.9",
				"denque": "^1.1.0",
				"flexbuffer": "0.0.6",
				"lodash.assign": "^4.2.0",
				"lodash.bind": "^4.2.1",
				"lodash.clone": "^4.5.0",
				"lodash.clonedeep": "^4.5.0",
				"lodash.defaults": "^4.2.0",
				"lodash.difference": "^4.5.0",
				"lodash.flatten": "^4.4.0",
				"lodash.foreach": "^4.5.0",
				"lodash.isempty": "^4.4.0",
				"lodash.keys": "^4.2.0",
				"lodash.noop": "^3.0.1",
				"lodash.partial": "^4.2.1",
				"lodash.pick": "^4.4.0",
				"lodash.sample": "^4.2.1",
				"lodash.shuffle": "^4.2.0",
				"lodash.values": "^4.3.0",
				"redis-commands": "^1.2.0",
				"redis-parser": "^2.4.0"
			}
		},
		"isarray": {
			"version": "1.0.0",
			"resolved": "https://registry.npmjs.org/isarray/-/isarray-1.0.0.tgz",
			"integrity": "sha1-u5NdSFgsuhaMBoNJV6VKPgcSTxE="
		},
		"lodash.assign": {
			"version": "4.2.0",
			"resolved": "https://registry.npmjs.org/lodash.assign/-/lodash.assign-4.2.0.tgz",
			"integrity": "sha1-DZnzzNem0mHRm9rrkkUAXShYCOc="
		},
		"lodash.bind": {
			"version": "4.2.1",
			"resolved": "https://registry.npmjs.org/lodash.bind/-/lodash.bind-4.2.1.tgz",
			"integrity": "sha1-euMBfpOWIqwxt9fX3LGzTbFpDTU="
		},
		"lodash.clone": {
			"version": "4.5.0",
			"resolved": "https://registry.npmjs.org/lodash.clone/-/lodash.clone-4.5.0.tgz",
			"integrity": "sha1-GVhwRQ9aExkkeN9Lw9I9LeoZB7Y="
		},
		"lodash.clonedeep": {
			"version": "4.5.0",
			"resolved": "https://registry.npmjs.org/lodash.clonedeep/-/lodash.clonedeep-4.5.0.tgz",
			"integrity": "sha1-4j8/nE+Pvd6HJSnBBxhXoIblzO8="
		},
		"lodash.defaults": {
			"version": "4.2.0",
			"resolved": "https://registry.npmjs.org/lodash.defaults/-/lodash.defaults-4.2.0.tgz",
			"integrity": "sha1-0JF4cW/+pN3p5ft7N/bwgCJ0WAw="
		},
		"lodash.difference": {
			"version": "4.5.0",
			"resolved": "https://registry.npmjs.org/lodash.difference/-/lodash.difference-4.5.0.tgz",
			"integrity": "sha1-nMtOUF1Ia5FlE0V3KIWi3yf9AXw="
		},
		"lodash.flatten": {
			"version": "4.4.0",
			"resolved": "https://registry.npmjs.org/lodash.flatten/-/lodash.flatten-4.4.0.tgz",
			"integrity": "sha1-8xwiIlqWMtK7+OSt2+8kCqdlph8="
		},
		"lodash.foreach": {
			"version": "4.5.0",
			"resolved": "https://registry.npmjs.org/lodash.foreach/-/lodash.foreach-4.5.0.tgz",
			"integrity": "sha1-Gmo16s5AEoDH8G3d7DUWWrJ+PlM="
		},
		"lodash.isempty": {
			"version": "4.4.0",
			"resolved": "https://registry.npmjs.org/lodash.isempty/-/lodash.isempty-4.4.0.tgz",
			"integrity": "sha1-b4bL7di+TsmHvpqvM8loTbGzHn4="
		},
		"lodash.keys": {
			"version": "4.2.0",
			"resolved": "https://registry.npmjs.org/lodash.keys/-/lodash.keys-4.2.0.tgz",
			"integrity": "sha1-oIYCrBLk+4P5H8H7ejYKTZujUgU="
		},
		"lodash.noop": {
			"version": "3.0.1",
			"resolved": "https://registry.npmjs.org/lodash.noop/-/lodash.noop-3.0.1.tgz",
			"integrity": "sha1-OBiPTWUKOkdCWEObluxFsyYXEzw="
		},
		"lodash.partial": {
			"version": "4.2.1",
			"resolved": "https://registry.npmjs.org/lodash.partial/-/lodash.partial-4.2.1.tgz",
			"integrity": "sha1-SfPYz9qjv/izqR0SfpIyRUGJYdQ="
		},
		"lodash.pick": {
			"version": "4.4.0",
			"resolved": "https://registry.npmjs.org/lodash.pick/-/lodash.pick-4.4.0.tgz",
			"integrity": "sha1-UvBWEP/53tQiYRRB7R/BI6AwAbM="
		},
		"lodash.sample": {
			"version": "4.2.1",
			"resolved": "https://registry.npmjs.org/lodash.sample/-/lodash.sample-4.2.1.tgz",
			"integrity": "sha1-XkKRsMdT+hq+sKq4+ynfG2bwf20="
		},
		"lodash.shuffle": {
			"version": "4.2.0",
			"resolved": "https://registry.npmjs.org/lodash.shuffle/-/lodash.shuffle-4.2.0.tgz",
			"integrity": "sha1-FFtQU8+HX29cKjP0i26ZSMbse0s="
		},
		"lodash.values": {
			"version": "4.3.0",
			"resolved": "https://registry.npmjs.org/lodash.values/-/lodash.values-4.3.0.tgz",
			"integrity": "sha1-o6bCsOvsxcLLocF+bmIP6BtT00c="
		},
		"lru-cache": {
			"version": "4.1.3",
			"resolved": "https://registry.npmjs.org/lru-cache/-/lru-cache-4.1.3.tgz",
			"integrity": "sha512-fFEhvcgzuIoJVUF8fYr5KR0YqxD238zgObTps31YdADwPPAp82a4M8TrckkWyx7ekNlf9aBcVn81cFwwXngrJA==",
			"requires": {
				"pseudomap": "^1.0.2",
				"yallist": "^2.1.2"
			}
		},
		"mqemitter": {
			"version": "2.2.0",
			"resolved": "https://registry.npmjs.org/mqemitter/-/mqemitter-2.2.0.tgz",
			"integrity": "sha512-vyglbOjB8wWsL6qmu2ePFp3yOoK/aOSOQeIgvmrlPxfuqiZU/AcIkI0xGJun0sEOTCqa2LFyR6T+YX/2qFz+WA==",
			"requires": {
				"fastparallel": "^2.0.0",
				"qlobber": "^1.8.0"
			}
		},
		"mqemitter-redis": {
			"version": "3.0.0",
			"resolved": "https://registry.npmjs.org/mqemitter-redis/-/mqemitter-redis-3.0.0.tgz",
			"integrity": "sha512-Lk2kjJ8zCqnqH+0MDB2PdFLc88WOqrQ1peAJ+9YiJJqiqwzrEJU0QMJq1h9VRSZd6wqmovB8XyUPy+vD4cS/Zg==",
			"requires": {
				"hyperid": "^1.4.1",
				"inherits": "^2.0.1",
				"ioredis": "^3.2.2",
				"lru-cache": "^4.1.3",
				"mqemitter": "^2.2.0",
				"msgpack-lite": "^0.1.14"
			}
		},
		"mqtt-packet": {
			"version": "5.6.0",
			"resolved": "https://registry.npmjs.org/mqtt-packet/-/mqtt-packet-5.6.0.tgz",
			"integrity": "sha512-QECe2ivqcR1LRsPobRsjenEKAC3i1a5gmm+jNKJLrsiq9PaSQ18LlKFuxvhGxWkvGEPadWv6rKd31O4ICqS1Xw==",
			"requires": {
				"bl": "^1.2.1",
				"inherits": "^2.0.3",
				"process-nextick-args": "^2.0.0",
				"safe-buffer": "^5.1.0"
			}
		},
		"ms": {
			"version": "2.0.0",
			"resolved": "https://registry.npmjs.org/ms/-/ms-2.0.0.tgz",
			"integrity": "sha1-VgiurfwAvmwpAd9fmGF4jeDVl8g="
		},
		"msgpack-lite": {
			"version": "0.1.26",
			"resolved": "https://registry.npmjs.org/msgpack-lite/-/msgpack-lite-0.1.26.tgz",
			"integrity": "sha1-3TxQsm8FnyXn7e42REGDWOKprYk=",
			"requires": {
				"event-lite": "^0.1.1",
				"ieee754": "^1.1.8",
				"int64-buffer": "^0.1.9",
				"isarray": "^1.0.0"
			}
		},
		"multistream": {
			"version": "2.1.1",
			"resolved": "https://registry.npmjs.org/multistream/-/multistream-2.1.1.tgz",
			"integrity": "sha512-xasv76hl6nr1dEy3lPvy7Ej7K/Lx3O/FCvwge8PeVJpciPPoNCbaANcNiBug3IpdvTveZUcAV0DJzdnUDMesNQ==",
			"requires": {
				"inherits": "^2.0.1",
				"readable-stream": "^2.0.5"
			}
		},
		"nanoid": {
			"version": "1.2.3",
			"resolved": "https://registry.npmjs.org/nanoid/-/nanoid-1.2.3.tgz",
			"integrity": "sha512-BAnxAdaihzMoszwhqRy8FPOX+dijs7esUEUYTIQ1KsOSKmCVNYnitAMmBDFxYzA6VQYvuUKw7o2K1AcMBTGzIg=="
		},
		"once": {
			"version": "1.4.0",
			"resolved": "https://registry.npmjs.org/once/-/once-1.4.0.tgz",
			"integrity": "sha1-WDsap3WWHUsROsF9nFC6753Xa9E=",
			"requires": {
				"wrappy": "1"
			}
		},
		"process-nextick-args": {
			"version": "2.0.0",
			"resolved": "https://registry.npmjs.org/process-nextick-args/-/process-nextick-args-2.0.0.tgz",
			"integrity": "sha512-MtEC1TqN0EU5nephaJ4rAtThHtC86dNN9qCuEhtshvpVBkAW5ZO7BASN9REnF9eoXGcRub+pFuKEpOHE+HbEMw=="
		},
		"pseudomap": {
			"version": "1.0.2",
			"resolved": "https://registry.npmjs.org/pseudomap/-/pseudomap-1.0.2.tgz",
			"integrity": "sha1-8FKijacOYYkX7wqKw0wa5aaChrM="
		},
		"pump": {
			"version": "3.0.0",
			"resolved": "https://registry.npmjs.org/pump/-/pump-3.0.0.tgz",
			"integrity": "sha512-LwZy+p3SFs1Pytd/jYct4wpv49HiYCqd9Rlc5ZVdk0V+8Yzv6jR5Blk3TRmPL1ft69TxP0IMZGJ+WPFU2BFhww==",
			"requires": {
				"end-of-stream": "^1.1.0",
				"once": "^1.3.1"
			}
		},
		"qlobber": {
			"version": "1.8.0",
			"resolved": "https://registry.npmjs.org/qlobber/-/qlobber-1.8.0.tgz",
			"integrity": "sha512-JTgaiU9R5AGGrnx3GD7CAwmS+K7w154Ns/I+9Yd9xDICzRDsDzFuhcMBglepHZGmIEk1F+j2aZnh8+txCuGgug=="
		},
		"readable-stream": {
			"version": "2.3.6",
			"resolved": "http://registry.npmjs.org/readable-stream/-/readable-stream-2.3.6.tgz",
			"integrity": "sha512-tQtKA9WIAhBF3+VLAseyMqZeBjW0AHJoxOtYqSUZNJxauErmLbVm2FW1y+J/YA9dUrAC39ITejlZWhVIwawkKw==",
			"requires": {
				"core-util-is": "~1.0.0",
				"inherits": "~2.0.3",
				"isarray": "~1.0.0",
				"process-nextick-args": "~2.0.0",
				"safe-buffer": "~5.1.1",
				"string_decoder": "~1.1.1",
				"util-deprecate": "~1.0.1"
			}
		},
		"redis-commands": {
			"version": "1.3.5",
			"resolved": "https://registry.npmjs.org/redis-commands/-/redis-commands-1.3.5.tgz",
			"integrity": "sha512-foGF8u6MXGFF++1TZVC6icGXuMYPftKXt1FBT2vrfU9ZATNtZJ8duRC5d1lEfE8hyVe3jhelHGB91oB7I6qLsA=="
		},
		"redis-parser": {
			"version": "2.6.0",
			"resolved": "https://registry.npmjs.org/redis-parser/-/redis-parser-2.6.0.tgz",
			"integrity": "sha1-Uu0J2srBCPGmMcB+m2mUHnoZUEs="
		},
		"retimer": {
			"version": "1.1.0",
			"resolved": "https://registry.npmjs.org/retimer/-/retimer-1.1.0.tgz",
			"integrity": "sha512-+Tjoa47XqpO+cmNObvmK6UPFmUTzQPtr4MqMS7ZJKPKYAnryCxG2FXT8/SEgPsEghQQgXFPZEdILNxJkvXtjUw=="
		},
		"reusify": {
			"version": "1.0.4",
			"resolved": "https://registry.npmjs.org/reusify/-/reusify-1.0.4.tgz",
			"integrity": "sha512-U9nH88a3fc/ekCF1l0/UP1IosiuIjyTh7hBvXVMHYgVcfGvt897Xguj2UOLDeI5BG2m7/uwyaLVT6fbtCwTyzw=="
		},
		"safe-buffer": {
			"version": "5.1.2",
			"resolved": "https://registry.npmjs.org/safe-buffer/-/safe-buffer-5.1.2.tgz",
			"integrity": "sha512-Gd2UZBJDkXlY7GbJxfsE8/nvKkUEU1G38c1siN6QP6a9PT9MmHB8GnpscSmMJSoF8LOIrt8ud/wPtojys4G6+g=="
		},
		"shortid": {
			"version": "2.2.13",
			"resolved": "https://registry.npmjs.org/shortid/-/shortid-2.2.13.tgz",
			"integrity": "sha512-dBuNnQGKrJNfjunmXI2X7bl1gnMO4PwbNxrTzO1JvilODmL7WyyCtA+DYxe9XunLXmxmgzFIvKPQ6XRAQrr46Q==",
			"requires": {
				"nanoid": "^1.0.7"
			}
		},
		"stream-shift": {
			"version": "1.0.0",
			"resolved": "https://registry.npmjs.org/stream-shift/-/stream-shift-1.0.0.tgz",
			"integrity": "sha1-1cdSgl5TZ+eG944Y5EXqIjoVWVI="
		},
		"string_decoder": {
			"version": "1.1.1",
			"resolved": "https://registry.npmjs.org/string_decoder/-/string_decoder-1.1.1.tgz",
			"integrity": "sha512-n/ShnvDi6FHbbVfviro+WojiFzv+s8MPMHBczVePfUpDJLwoLT0ht1l4YwBCbi8pJAveEEdnkHyPyTP/mzRfwg==",
			"requires": {
				"safe-buffer": "~5.1.0"
			}
		},
		"through2": {
			"version": "2.0.3",
			"resolved": "https://registry.npmjs.org/through2/-/through2-2.0.3.tgz",
			"integrity": "sha1-AARWmzfHx0ujnEPzzteNGtlBQL4=",
			"requires": {
				"readable-stream": "^2.1.5",
				"xtend": "~4.0.1"
			}
		},
		"throughv": {
			"version": "1.0.3",
			"resolved": "https://registry.npmjs.org/throughv/-/throughv-1.0.3.tgz",
			"integrity": "sha1-XwyHGdqxi9gP4wAqejpslUPORrU=",
			"requires": {
				"fastparallel": "^2.2.1",
				"inherits": "~2.0.1",
				"readable-stream": "^2.0.4"
			}
		},
		"ultron": {
			"version": "1.1.1",
			"resolved": "https://registry.npmjs.org/ultron/-/ultron-1.1.1.tgz",
			"integrity": "sha512-UIEXBNeYmKptWH6z8ZnqTeS8fV74zG0/eRU9VGkpzz+LIJNs8W/zM/L+7ctCkRrgbNnnR0xxw4bKOr0cW0N0Og=="
		},
		"util-deprecate": {
			"version": "1.0.2",
			"resolved": "https://registry.npmjs.org/util-deprecate/-/util-deprecate-1.0.2.tgz",
			"integrity": "sha1-RQ1Nyfpw3nMnYvvS1KKJgUGaDM8="
		},
		"uuid": {
			"version": "3.3.2",
			"resolved": "https://registry.npmjs.org/uuid/-/uuid-3.3.2.tgz",
			"integrity": "sha512-yXJmeNaw3DnnKAOKJE51sL/ZaYfWJRl1pK9dr19YFCu0ObS231AB1/LbqTKRAQ5kw8A90rA6fr4riOUpTZvQZA=="
		},
		"uuid-parse": {
			"version": "1.0.0",
			"resolved": "https://registry.npmjs.org/uuid-parse/-/uuid-parse-1.0.0.tgz",
			"integrity": "sha1-9GV3F2JLDkuIrzb5jYlYmlu+5Wk="
		},
		"websocket-stream": {
			"version": "5.1.2",
			"resolved": "https://registry.npmjs.org/websocket-stream/-/websocket-stream-5.1.2.tgz",
			"integrity": "sha512-lchLOk435iDWs0jNuL+hiU14i3ERSrMA0IKSiJh7z6X/i4XNsutBZrtqu2CPOZuA4G/zabiqVAos0vW+S7GEVw==",
			"requires": {
				"duplexify": "^3.5.1",
				"inherits": "^2.0.1",
				"readable-stream": "^2.3.3",
				"safe-buffer": "^5.1.1",
				"ws": "^3.2.0",
				"xtend": "^4.0.0"
			}
		},
		"wrappy": {
			"version": "1.0.2",
			"resolved": "https://registry.npmjs.org/wrappy/-/wrappy-1.0.2.tgz",
			"integrity": "sha1-tSQ9jz7BqjXxNkYFvA0QNuMKtp8="
		},
		"ws": {
			"version": "3.3.3",
			"resolved": "https://registry.npmjs.org/ws/-/ws-3.3.3.tgz",
			"integrity": "sha512-nnWLa/NwZSt4KQJu51MYlCcSQ5g7INpOrOMt4XV8j4dqTXdmlUmSHQ8/oLC069ckre0fRsgfvsKwbTdtKLCDkA==",
			"requires": {
				"async-limiter": "~1.0.0",
				"safe-buffer": "~5.1.0",
				"ultron": "~1.1.0"
			}
		},
		"xtend": {
			"version": "4.0.1",
			"resolved": "https://registry.npmjs.org/xtend/-/xtend-4.0.1.tgz",
			"integrity": "sha1-pcbVMr5lbiPbgg77lDofBJmNY68="
		},
		"yallist": {
			"version": "2.1.2",
			"resolved": "https://registry.npmjs.org/yallist/-/yallist-2.1.2.tgz",
			"integrity": "sha1-HBH5IY8HYImkfdUS+TxmmaaoHVI="
		}
	}
}
